
Microsoft Visual Studio Solution File, Format Version 12.00
# Visual Studio 2013
VisualStudioVersion = 12.0.21005.1
MinimumVisualStudioVersion = 10.0.40219.1
Project("{8BC9CEB8-8B4A-11D0-8D11-00A0C91BC942}") = "stl_test49", "stl_test49.vcxproj", "{D620F494-7054-4A55-A427-4AAFB3959DEF}"
EndProject
Global
	GlobalSection(SolutionConfigurationPlatforms) = preSolution
		Debug|Win32 = Debug|Win32
		Release|Win32 = Release|Win32
	EndGlobalSection
	GlobalSection(ProjectConfigurationPlatforms) = postSolution
		{D620F494-7054-4A55-A427-4AAFB3959DEF}.Debug|Win32.ActiveCfg = Debug|Win32
		{D620F494-7054-4A55-A427-4AAFB3959DEF}.Debug|Win32.Build.0 = Debug|Win32
		{D620F494-7054-4A55-A427-4AAFB3959DEF}.Release|Win32.ActiveCfg = Release|Win32
		{D620F494-7054-4A55-A427-4AAFB3959DEF}.Release|Win32.Build.0 = Release|Win32
	EndGlobalSection
	GlobalSection(SolutionProperties) = preSolution
		HideSolutionNode = FALSE
	EndGlobalSection
EndGlobal
