
Microsoft Visual Studio Solution File, Format Version 10.00
# Visual Studio 2008
Project("{8BC9CEB8-8B4A-11D0-8D11-00A0C91BC942}") = "global_variable1", "global_variable1.vcproj", "{08072835-9ADF-44D1-A9DC-F70F5B97834E}"
EndProject
Global
	GlobalSection(SolutionConfigurationPlatforms) = preSolution
		Debug|Win32 = Debug|Win32
		Release|Win32 = Release|Win32
	EndGlobalSection
	GlobalSection(ProjectConfigurationPlatforms) = postSolution
		{08072835-9ADF-44D1-A9DC-F70F5B97834E}.Debug|Win32.ActiveCfg = Debug|Win32
		{08072835-9ADF-44D1-A9DC-F70F5B97834E}.Debug|Win32.Build.0 = Debug|Win32
		{08072835-9ADF-44D1-A9DC-F70F5B97834E}.Release|Win32.ActiveCfg = Release|Win32
		{08072835-9ADF-44D1-A9DC-F70F5B97834E}.Release|Win32.Build.0 = Release|Win32
	EndGlobalSection
	GlobalSection(SolutionProperties) = preSolution
		HideSolutionNode = FALSE
	EndGlobalSection
EndGlobal
