
Microsoft Visual Studio Solution File, Format Version 10.00
# Visual Studio 2008
Project("{8BC9CEB8-8B4A-11D0-8D11-00A0C91BC942}") = "test", "test.vcproj", "{BFA87943-85C2-4E40-917E-E7D0797FCC78}"
EndProject
Global
	GlobalSection(SolutionConfigurationPlatforms) = preSolution
		Debug|Win32 = Debug|Win32
		Release|Win32 = Release|Win32
	EndGlobalSection
	GlobalSection(ProjectConfigurationPlatforms) = postSolution
		{BFA87943-85C2-4E40-917E-E7D0797FCC78}.Debug|Win32.ActiveCfg = Debug|Win32
		{BFA87943-85C2-4E40-917E-E7D0797FCC78}.Debug|Win32.Build.0 = Debug|Win32
		{BFA87943-85C2-4E40-917E-E7D0797FCC78}.Release|Win32.ActiveCfg = Release|Win32
		{BFA87943-85C2-4E40-917E-E7D0797FCC78}.Release|Win32.Build.0 = Release|Win32
	EndGlobalSection
	GlobalSection(SolutionProperties) = preSolution
		HideSolutionNode = FALSE
	EndGlobalSection
EndGlobal
