
Microsoft Visual Studio Solution File, Format Version 10.00
# Visual Studio 2008
Project("{8BC9CEB8-8B4A-11D0-8D11-00A0C91BC942}") = "sort_test5", "sort_test5.vcproj", "{6F122143-9DC1-4E99-ABD9-7076E34F90BC}"
EndProject
Global
	GlobalSection(SolutionConfigurationPlatforms) = preSolution
		Debug|Win32 = Debug|Win32
		Release|Win32 = Release|Win32
	EndGlobalSection
	GlobalSection(ProjectConfigurationPlatforms) = postSolution
		{6F122143-9DC1-4E99-ABD9-7076E34F90BC}.Debug|Win32.ActiveCfg = Debug|Win32
		{6F122143-9DC1-4E99-ABD9-7076E34F90BC}.Debug|Win32.Build.0 = Debug|Win32
		{6F122143-9DC1-4E99-ABD9-7076E34F90BC}.Release|Win32.ActiveCfg = Release|Win32
		{6F122143-9DC1-4E99-ABD9-7076E34F90BC}.Release|Win32.Build.0 = Release|Win32
	EndGlobalSection
	GlobalSection(SolutionProperties) = preSolution
		HideSolutionNode = FALSE
	EndGlobalSection
EndGlobal
