
Microsoft Visual Studio Solution File, Format Version 10.00
# Visual Studio 2008
Project("{8BC9CEB8-8B4A-11D0-8D11-00A0C91BC942}") = "list_test1", "list_test1\list_test1.vcproj", "{5F42A618-F2D3-4BFC-8610-20CBF418DC46}"
EndProject
Global
	GlobalSection(SolutionConfigurationPlatforms) = preSolution
		Debug|Win32 = Debug|Win32
		Release|Win32 = Release|Win32
	EndGlobalSection
	GlobalSection(ProjectConfigurationPlatforms) = postSolution
		{5F42A618-F2D3-4BFC-8610-20CBF418DC46}.Debug|Win32.ActiveCfg = Debug|Win32
		{5F42A618-F2D3-4BFC-8610-20CBF418DC46}.Debug|Win32.Build.0 = Debug|Win32
		{5F42A618-F2D3-4BFC-8610-20CBF418DC46}.Release|Win32.ActiveCfg = Release|Win32
		{5F42A618-F2D3-4BFC-8610-20CBF418DC46}.Release|Win32.Build.0 = Release|Win32
	EndGlobalSection
	GlobalSection(SolutionProperties) = preSolution
		HideSolutionNode = FALSE
	EndGlobalSection
EndGlobal
