
Microsoft Visual Studio Solution File, Format Version 10.00
# Visual Studio 2008
Project("{8BC9CEB8-8B4A-11D0-8D11-00A0C91BC942}") = "func_array_pointer3", "func_array_pointer3.vcproj", "{FA8471B2-A787-4026-9C03-0A8551E3A93D}"
EndProject
Global
	GlobalSection(SolutionConfigurationPlatforms) = preSolution
		Debug|Win32 = Debug|Win32
		Release|Win32 = Release|Win32
	EndGlobalSection
	GlobalSection(ProjectConfigurationPlatforms) = postSolution
		{FA8471B2-A787-4026-9C03-0A8551E3A93D}.Debug|Win32.ActiveCfg = Debug|Win32
		{FA8471B2-A787-4026-9C03-0A8551E3A93D}.Debug|Win32.Build.0 = Debug|Win32
		{FA8471B2-A787-4026-9C03-0A8551E3A93D}.Release|Win32.ActiveCfg = Release|Win32
		{FA8471B2-A787-4026-9C03-0A8551E3A93D}.Release|Win32.Build.0 = Release|Win32
	EndGlobalSection
	GlobalSection(SolutionProperties) = preSolution
		HideSolutionNode = FALSE
	EndGlobalSection
EndGlobal
