
Microsoft Visual Studio Solution File, Format Version 10.00
# Visual Studio 2008
Project("{8BC9CEB8-8B4A-11D0-8D11-00A0C91BC942}") = "huawei_test5", "huawei_test5.vcproj", "{7B884E3B-7610-40DD-90EB-14E642B07294}"
EndProject
Global
	GlobalSection(SolutionConfigurationPlatforms) = preSolution
		Debug|Win32 = Debug|Win32
		Release|Win32 = Release|Win32
	EndGlobalSection
	GlobalSection(ProjectConfigurationPlatforms) = postSolution
		{7B884E3B-7610-40DD-90EB-14E642B07294}.Debug|Win32.ActiveCfg = Debug|Win32
		{7B884E3B-7610-40DD-90EB-14E642B07294}.Debug|Win32.Build.0 = Debug|Win32
		{7B884E3B-7610-40DD-90EB-14E642B07294}.Release|Win32.ActiveCfg = Release|Win32
		{7B884E3B-7610-40DD-90EB-14E642B07294}.Release|Win32.Build.0 = Release|Win32
	EndGlobalSection
	GlobalSection(SolutionProperties) = preSolution
		HideSolutionNode = FALSE
	EndGlobalSection
EndGlobal
