
Microsoft Visual Studio Solution File, Format Version 10.00
# Visual Studio 2008
Project("{8BC9CEB8-8B4A-11D0-8D11-00A0C91BC942}") = "class_test14", "class_test14.vcproj", "{251A0224-7979-4857-AF0F-F58002E70D6A}"
EndProject
Global
	GlobalSection(SolutionConfigurationPlatforms) = preSolution
		Debug|Win32 = Debug|Win32
		Release|Win32 = Release|Win32
	EndGlobalSection
	GlobalSection(ProjectConfigurationPlatforms) = postSolution
		{251A0224-7979-4857-AF0F-F58002E70D6A}.Debug|Win32.ActiveCfg = Debug|Win32
		{251A0224-7979-4857-AF0F-F58002E70D6A}.Debug|Win32.Build.0 = Debug|Win32
		{251A0224-7979-4857-AF0F-F58002E70D6A}.Release|Win32.ActiveCfg = Release|Win32
		{251A0224-7979-4857-AF0F-F58002E70D6A}.Release|Win32.Build.0 = Release|Win32
	EndGlobalSection
	GlobalSection(SolutionProperties) = preSolution
		HideSolutionNode = FALSE
	EndGlobalSection
EndGlobal
