
Microsoft Visual Studio Solution File, Format Version 10.00
# Visual Studio 2008
Project("{8BC9CEB8-8B4A-11D0-8D11-00A0C91BC942}") = "template_class2", "template_class2.vcproj", "{FC21D058-91F0-42D1-980C-9998D019D3AC}"
EndProject
Global
	GlobalSection(SolutionConfigurationPlatforms) = preSolution
		Debug|Win32 = Debug|Win32
		Release|Win32 = Release|Win32
	EndGlobalSection
	GlobalSection(ProjectConfigurationPlatforms) = postSolution
		{FC21D058-91F0-42D1-980C-9998D019D3AC}.Debug|Win32.ActiveCfg = Debug|Win32
		{FC21D058-91F0-42D1-980C-9998D019D3AC}.Debug|Win32.Build.0 = Debug|Win32
		{FC21D058-91F0-42D1-980C-9998D019D3AC}.Release|Win32.ActiveCfg = Release|Win32
		{FC21D058-91F0-42D1-980C-9998D019D3AC}.Release|Win32.Build.0 = Release|Win32
	EndGlobalSection
	GlobalSection(SolutionProperties) = preSolution
		HideSolutionNode = FALSE
	EndGlobalSection
EndGlobal
