
Microsoft Visual Studio Solution File, Format Version 10.00
# Visual Studio 2008
Project("{8BC9CEB8-8B4A-11D0-8D11-00A0C91BC942}") = "class_test41", "class_test41.vcproj", "{C587282B-D952-4046-9E93-4D8BD451ACFB}"
EndProject
Global
	GlobalSection(SolutionConfigurationPlatforms) = preSolution
		Debug|Win32 = Debug|Win32
		Release|Win32 = Release|Win32
	EndGlobalSection
	GlobalSection(ProjectConfigurationPlatforms) = postSolution
		{C587282B-D952-4046-9E93-4D8BD451ACFB}.Debug|Win32.ActiveCfg = Debug|Win32
		{C587282B-D952-4046-9E93-4D8BD451ACFB}.Debug|Win32.Build.0 = Debug|Win32
		{C587282B-D952-4046-9E93-4D8BD451ACFB}.Release|Win32.ActiveCfg = Release|Win32
		{C587282B-D952-4046-9E93-4D8BD451ACFB}.Release|Win32.Build.0 = Release|Win32
	EndGlobalSection
	GlobalSection(SolutionProperties) = preSolution
		HideSolutionNode = FALSE
	EndGlobalSection
EndGlobal
