
Microsoft Visual Studio Solution File, Format Version 10.00
# Visual Studio 2008
Project("{8BC9CEB8-8B4A-11D0-8D11-00A0C91BC942}") = "quote_test4", "quote_test4.vcproj", "{A0A232F8-67E0-4E30-86FA-0C240D42A10A}"
EndProject
Global
	GlobalSection(SolutionConfigurationPlatforms) = preSolution
		Debug|Win32 = Debug|Win32
		Release|Win32 = Release|Win32
	EndGlobalSection
	GlobalSection(ProjectConfigurationPlatforms) = postSolution
		{A0A232F8-67E0-4E30-86FA-0C240D42A10A}.Debug|Win32.ActiveCfg = Debug|Win32
		{A0A232F8-67E0-4E30-86FA-0C240D42A10A}.Debug|Win32.Build.0 = Debug|Win32
		{A0A232F8-67E0-4E30-86FA-0C240D42A10A}.Release|Win32.ActiveCfg = Release|Win32
		{A0A232F8-67E0-4E30-86FA-0C240D42A10A}.Release|Win32.Build.0 = Release|Win32
	EndGlobalSection
	GlobalSection(SolutionProperties) = preSolution
		HideSolutionNode = FALSE
	EndGlobalSection
EndGlobal
