
Microsoft Visual Studio Solution File, Format Version 10.00
# Visual Studio 2008
Project("{8BC9CEB8-8B4A-11D0-8D11-00A0C91BC942}") = "max_subsequence_sum_test", "max_subsequence_sum_test\max_subsequence_sum_test.vcproj", "{2C101CEC-96D3-4603-814C-3AAB0F78251B}"
EndProject
Global
	GlobalSection(SolutionConfigurationPlatforms) = preSolution
		Debug|Win32 = Debug|Win32
		Release|Win32 = Release|Win32
	EndGlobalSection
	GlobalSection(ProjectConfigurationPlatforms) = postSolution
		{2C101CEC-96D3-4603-814C-3AAB0F78251B}.Debug|Win32.ActiveCfg = Debug|Win32
		{2C101CEC-96D3-4603-814C-3AAB0F78251B}.Debug|Win32.Build.0 = Debug|Win32
		{2C101CEC-96D3-4603-814C-3AAB0F78251B}.Release|Win32.ActiveCfg = Release|Win32
		{2C101CEC-96D3-4603-814C-3AAB0F78251B}.Release|Win32.Build.0 = Release|Win32
	EndGlobalSection
	GlobalSection(SolutionProperties) = preSolution
		HideSolutionNode = FALSE
	EndGlobalSection
EndGlobal
