
Microsoft Visual Studio Solution File, Format Version 10.00
# Visual Studio 2008
Project("{8BC9CEB8-8B4A-11D0-8D11-00A0C91BC942}") = "heap_test", "heap_test.vcproj", "{5368E146-258B-4FC4-97C2-91AD770A1ABC}"
EndProject
Global
	GlobalSection(SolutionConfigurationPlatforms) = preSolution
		Debug|Win32 = Debug|Win32
		Release|Win32 = Release|Win32
	EndGlobalSection
	GlobalSection(ProjectConfigurationPlatforms) = postSolution
		{5368E146-258B-4FC4-97C2-91AD770A1ABC}.Debug|Win32.ActiveCfg = Debug|Win32
		{5368E146-258B-4FC4-97C2-91AD770A1ABC}.Debug|Win32.Build.0 = Debug|Win32
		{5368E146-258B-4FC4-97C2-91AD770A1ABC}.Release|Win32.ActiveCfg = Release|Win32
		{5368E146-258B-4FC4-97C2-91AD770A1ABC}.Release|Win32.Build.0 = Release|Win32
	EndGlobalSection
	GlobalSection(SolutionProperties) = preSolution
		HideSolutionNode = FALSE
	EndGlobalSection
EndGlobal
