
Microsoft Visual Studio Solution File, Format Version 10.00
# Visual Studio 2008
Project("{8BC9CEB8-8B4A-11D0-8D11-00A0C91BC942}") = "func_array_pointer12", "func_array_pointer12\func_array_pointer12.vcproj", "{EDCB2759-1A7D-4B17-BDA8-D46EFE293770}"
EndProject
Global
	GlobalSection(SolutionConfigurationPlatforms) = preSolution
		Debug|Win32 = Debug|Win32
		Release|Win32 = Release|Win32
	EndGlobalSection
	GlobalSection(ProjectConfigurationPlatforms) = postSolution
		{EDCB2759-1A7D-4B17-BDA8-D46EFE293770}.Debug|Win32.ActiveCfg = Debug|Win32
		{EDCB2759-1A7D-4B17-BDA8-D46EFE293770}.Debug|Win32.Build.0 = Debug|Win32
		{EDCB2759-1A7D-4B17-BDA8-D46EFE293770}.Release|Win32.ActiveCfg = Release|Win32
		{EDCB2759-1A7D-4B17-BDA8-D46EFE293770}.Release|Win32.Build.0 = Release|Win32
	EndGlobalSection
	GlobalSection(SolutionProperties) = preSolution
		HideSolutionNode = FALSE
	EndGlobalSection
EndGlobal
