
Microsoft Visual Studio Solution File, Format Version 10.00
# Visual Studio 2008
Project("{8BC9CEB8-8B4A-11D0-8D11-00A0C91BC942}") = "input_output", "input_output.vcproj", "{067531DC-7711-4F2D-A4C4-7AB2D0C570C9}"
EndProject
Global
	GlobalSection(SolutionConfigurationPlatforms) = preSolution
		Debug|Win32 = Debug|Win32
		Release|Win32 = Release|Win32
	EndGlobalSection
	GlobalSection(ProjectConfigurationPlatforms) = postSolution
		{067531DC-7711-4F2D-A4C4-7AB2D0C570C9}.Debug|Win32.ActiveCfg = Debug|Win32
		{067531DC-7711-4F2D-A4C4-7AB2D0C570C9}.Debug|Win32.Build.0 = Debug|Win32
		{067531DC-7711-4F2D-A4C4-7AB2D0C570C9}.Release|Win32.ActiveCfg = Release|Win32
		{067531DC-7711-4F2D-A4C4-7AB2D0C570C9}.Release|Win32.Build.0 = Release|Win32
	EndGlobalSection
	GlobalSection(SolutionProperties) = preSolution
		HideSolutionNode = FALSE
	EndGlobalSection
EndGlobal
