
Microsoft Visual Studio Solution File, Format Version 10.00
# Visual Studio 2008
Project("{8BC9CEB8-8B4A-11D0-8D11-00A0C91BC942}") = "string_func_test", "string_func_test.vcproj", "{941F4577-9751-4BB4-AD82-DC2666867372}"
EndProject
Global
	GlobalSection(SolutionConfigurationPlatforms) = preSolution
		Debug|Win32 = Debug|Win32
		Release|Win32 = Release|Win32
	EndGlobalSection
	GlobalSection(ProjectConfigurationPlatforms) = postSolution
		{941F4577-9751-4BB4-AD82-DC2666867372}.Debug|Win32.ActiveCfg = Debug|Win32
		{941F4577-9751-4BB4-AD82-DC2666867372}.Debug|Win32.Build.0 = Debug|Win32
		{941F4577-9751-4BB4-AD82-DC2666867372}.Release|Win32.ActiveCfg = Release|Win32
		{941F4577-9751-4BB4-AD82-DC2666867372}.Release|Win32.Build.0 = Release|Win32
	EndGlobalSection
	GlobalSection(SolutionProperties) = preSolution
		HideSolutionNode = FALSE
	EndGlobalSection
EndGlobal
