
Microsoft Visual Studio Solution File, Format Version 10.00
# Visual Studio 2008
Project("{8BC9CEB8-8B4A-11D0-8D11-00A0C91BC942}") = "vector_test1", "vector_test1.vcproj", "{09C1C0D6-54A3-4F84-BA9B-72411C6584A9}"
EndProject
Global
	GlobalSection(SolutionConfigurationPlatforms) = preSolution
		Debug|Win32 = Debug|Win32
		Release|Win32 = Release|Win32
	EndGlobalSection
	GlobalSection(ProjectConfigurationPlatforms) = postSolution
		{09C1C0D6-54A3-4F84-BA9B-72411C6584A9}.Debug|Win32.ActiveCfg = Debug|Win32
		{09C1C0D6-54A3-4F84-BA9B-72411C6584A9}.Debug|Win32.Build.0 = Debug|Win32
		{09C1C0D6-54A3-4F84-BA9B-72411C6584A9}.Release|Win32.ActiveCfg = Release|Win32
		{09C1C0D6-54A3-4F84-BA9B-72411C6584A9}.Release|Win32.Build.0 = Release|Win32
	EndGlobalSection
	GlobalSection(SolutionProperties) = preSolution
		HideSolutionNode = FALSE
	EndGlobalSection
EndGlobal
