
Microsoft Visual Studio Solution File, Format Version 10.00
# Visual Studio 2008
Project("{8BC9CEB8-8B4A-11D0-8D11-00A0C91BC942}") = "unsign_sign3", "unsign_sign3\unsign_sign3.vcproj", "{4B1C5D28-A554-4A7D-A1E0-A20AD03F36ED}"
EndProject
Global
	GlobalSection(SolutionConfigurationPlatforms) = preSolution
		Debug|Win32 = Debug|Win32
		Release|Win32 = Release|Win32
	EndGlobalSection
	GlobalSection(ProjectConfigurationPlatforms) = postSolution
		{4B1C5D28-A554-4A7D-A1E0-A20AD03F36ED}.Debug|Win32.ActiveCfg = Debug|Win32
		{4B1C5D28-A554-4A7D-A1E0-A20AD03F36ED}.Debug|Win32.Build.0 = Debug|Win32
		{4B1C5D28-A554-4A7D-A1E0-A20AD03F36ED}.Release|Win32.ActiveCfg = Release|Win32
		{4B1C5D28-A554-4A7D-A1E0-A20AD03F36ED}.Release|Win32.Build.0 = Release|Win32
	EndGlobalSection
	GlobalSection(SolutionProperties) = preSolution
		HideSolutionNode = FALSE
	EndGlobalSection
EndGlobal
