
Microsoft Visual Studio Solution File, Format Version 10.00
# Visual Studio 2008
Project("{8BC9CEB8-8B4A-11D0-8D11-00A0C91BC942}") = "dahua_test2", "dahua_test2\dahua_test2.vcproj", "{07D6C5DC-5763-461E-8D25-661A04CF870C}"
EndProject
Global
	GlobalSection(SolutionConfigurationPlatforms) = preSolution
		Debug|Win32 = Debug|Win32
		Release|Win32 = Release|Win32
	EndGlobalSection
	GlobalSection(ProjectConfigurationPlatforms) = postSolution
		{07D6C5DC-5763-461E-8D25-661A04CF870C}.Debug|Win32.ActiveCfg = Debug|Win32
		{07D6C5DC-5763-461E-8D25-661A04CF870C}.Debug|Win32.Build.0 = Debug|Win32
		{07D6C5DC-5763-461E-8D25-661A04CF870C}.Release|Win32.ActiveCfg = Release|Win32
		{07D6C5DC-5763-461E-8D25-661A04CF870C}.Release|Win32.Build.0 = Release|Win32
	EndGlobalSection
	GlobalSection(SolutionProperties) = preSolution
		HideSolutionNode = FALSE
	EndGlobalSection
EndGlobal
