
Microsoft Visual Studio Solution File, Format Version 12.00
# Visual Studio 15
VisualStudioVersion = 15.0.28010.2046
MinimumVisualStudioVersion = 10.0.40219.1
Project("{8BC9CEB8-8B4A-11D0-8D11-00A0C91BC942}") = "back_pack_test2", "back_pack_test2.vcxproj", "{7884FFC2-DEDA-4FF6-B604-D262645CFA77}"
EndProject
Global
	GlobalSection(SolutionConfigurationPlatforms) = preSolution
		Debug|x64 = Debug|x64
		Debug|x86 = Debug|x86
		Release|x64 = Release|x64
		Release|x86 = Release|x86
	EndGlobalSection
	GlobalSection(ProjectConfigurationPlatforms) = postSolution
		{7884FFC2-DEDA-4FF6-B604-D262645CFA77}.Debug|x64.ActiveCfg = Debug|x64
		{7884FFC2-DEDA-4FF6-B604-D262645CFA77}.Debug|x64.Build.0 = Debug|x64
		{7884FFC2-DEDA-4FF6-B604-D262645CFA77}.Debug|x86.ActiveCfg = Debug|Win32
		{7884FFC2-DEDA-4FF6-B604-D262645CFA77}.Debug|x86.Build.0 = Debug|Win32
		{7884FFC2-DEDA-4FF6-B604-D262645CFA77}.Release|x64.ActiveCfg = Release|x64
		{7884FFC2-DEDA-4FF6-B604-D262645CFA77}.Release|x64.Build.0 = Release|x64
		{7884FFC2-DEDA-4FF6-B604-D262645CFA77}.Release|x86.ActiveCfg = Release|Win32
		{7884FFC2-DEDA-4FF6-B604-D262645CFA77}.Release|x86.Build.0 = Release|Win32
	EndGlobalSection
	GlobalSection(SolutionProperties) = preSolution
		HideSolutionNode = FALSE
	EndGlobalSection
	GlobalSection(ExtensibilityGlobals) = postSolution
		SolutionGuid = {C200EBAD-6489-4A10-B645-677964C04151}
	EndGlobalSection
EndGlobal
