
Microsoft Visual Studio Solution File, Format Version 10.00
# Visual Studio 2008
Project("{8BC9CEB8-8B4A-11D0-8D11-00A0C91BC942}") = "class_test38", "class_test38.vcproj", "{00E2EFC6-90B1-4D21-BA89-F82361C71200}"
EndProject
Global
	GlobalSection(SolutionConfigurationPlatforms) = preSolution
		Debug|Win32 = Debug|Win32
		Release|Win32 = Release|Win32
	EndGlobalSection
	GlobalSection(ProjectConfigurationPlatforms) = postSolution
		{00E2EFC6-90B1-4D21-BA89-F82361C71200}.Debug|Win32.ActiveCfg = Debug|Win32
		{00E2EFC6-90B1-4D21-BA89-F82361C71200}.Debug|Win32.Build.0 = Debug|Win32
		{00E2EFC6-90B1-4D21-BA89-F82361C71200}.Release|Win32.ActiveCfg = Release|Win32
		{00E2EFC6-90B1-4D21-BA89-F82361C71200}.Release|Win32.Build.0 = Release|Win32
	EndGlobalSection
	GlobalSection(SolutionProperties) = preSolution
		HideSolutionNode = FALSE
	EndGlobalSection
EndGlobal
