
Microsoft Visual Studio Solution File, Format Version 10.00
# Visual Studio 2008
Project("{8BC9CEB8-8B4A-11D0-8D11-00A0C91BC942}") = "binary_heap_test", "binary_heap_test.vcproj", "{B3D23C6C-6E04-49E4-B656-15EE4634FB88}"
EndProject
Global
	GlobalSection(SolutionConfigurationPlatforms) = preSolution
		Debug|Win32 = Debug|Win32
		Release|Win32 = Release|Win32
	EndGlobalSection
	GlobalSection(ProjectConfigurationPlatforms) = postSolution
		{B3D23C6C-6E04-49E4-B656-15EE4634FB88}.Debug|Win32.ActiveCfg = Debug|Win32
		{B3D23C6C-6E04-49E4-B656-15EE4634FB88}.Debug|Win32.Build.0 = Debug|Win32
		{B3D23C6C-6E04-49E4-B656-15EE4634FB88}.Release|Win32.ActiveCfg = Release|Win32
		{B3D23C6C-6E04-49E4-B656-15EE4634FB88}.Release|Win32.Build.0 = Release|Win32
	EndGlobalSection
	GlobalSection(SolutionProperties) = preSolution
		HideSolutionNode = FALSE
	EndGlobalSection
EndGlobal
