
Microsoft Visual Studio Solution File, Format Version 10.00
# Visual Studio 2008
Project("{8BC9CEB8-8B4A-11D0-8D11-00A0C91BC942}") = "qq_test1", "qq_test1.vcproj", "{47D9B129-0AF6-4B6D-8D60-81BAEE53C91D}"
EndProject
Global
	GlobalSection(SolutionConfigurationPlatforms) = preSolution
		Debug|Win32 = Debug|Win32
		Release|Win32 = Release|Win32
	EndGlobalSection
	GlobalSection(ProjectConfigurationPlatforms) = postSolution
		{47D9B129-0AF6-4B6D-8D60-81BAEE53C91D}.Debug|Win32.ActiveCfg = Debug|Win32
		{47D9B129-0AF6-4B6D-8D60-81BAEE53C91D}.Debug|Win32.Build.0 = Debug|Win32
		{47D9B129-0AF6-4B6D-8D60-81BAEE53C91D}.Release|Win32.ActiveCfg = Release|Win32
		{47D9B129-0AF6-4B6D-8D60-81BAEE53C91D}.Release|Win32.Build.0 = Release|Win32
	EndGlobalSection
	GlobalSection(SolutionProperties) = preSolution
		HideSolutionNode = FALSE
	EndGlobalSection
EndGlobal
