
Microsoft Visual Studio Solution File, Format Version 10.00
# Visual Studio 2008
Project("{8BC9CEB8-8B4A-11D0-8D11-00A0C91BC942}") = "float_test1", "float_test1.vcproj", "{80D6EA8E-8C17-413E-8FE7-85D8EC747858}"
EndProject
Global
	GlobalSection(SolutionConfigurationPlatforms) = preSolution
		Debug|Win32 = Debug|Win32
		Release|Win32 = Release|Win32
	EndGlobalSection
	GlobalSection(ProjectConfigurationPlatforms) = postSolution
		{80D6EA8E-8C17-413E-8FE7-85D8EC747858}.Debug|Win32.ActiveCfg = Debug|Win32
		{80D6EA8E-8C17-413E-8FE7-85D8EC747858}.Debug|Win32.Build.0 = Debug|Win32
		{80D6EA8E-8C17-413E-8FE7-85D8EC747858}.Release|Win32.ActiveCfg = Release|Win32
		{80D6EA8E-8C17-413E-8FE7-85D8EC747858}.Release|Win32.Build.0 = Release|Win32
	EndGlobalSection
	GlobalSection(SolutionProperties) = preSolution
		HideSolutionNode = FALSE
	EndGlobalSection
EndGlobal
