
Microsoft Visual Studio Solution File, Format Version 12.00
# Visual Studio 15
VisualStudioVersion = 15.0.28010.2046
MinimumVisualStudioVersion = 10.0.40219.1
Project("{8BC9CEB8-8B4A-11D0-8D11-00A0C91BC942}") = "digit_counts_test", "digit_counts_test.vcxproj", "{66637610-6053-42E6-BBBC-5CA6096A5885}"
EndProject
Global
	GlobalSection(SolutionConfigurationPlatforms) = preSolution
		Debug|x64 = Debug|x64
		Debug|x86 = Debug|x86
		Release|x64 = Release|x64
		Release|x86 = Release|x86
	EndGlobalSection
	GlobalSection(ProjectConfigurationPlatforms) = postSolution
		{66637610-6053-42E6-BBBC-5CA6096A5885}.Debug|x64.ActiveCfg = Debug|x64
		{66637610-6053-42E6-BBBC-5CA6096A5885}.Debug|x64.Build.0 = Debug|x64
		{66637610-6053-42E6-BBBC-5CA6096A5885}.Debug|x86.ActiveCfg = Debug|Win32
		{66637610-6053-42E6-BBBC-5CA6096A5885}.Debug|x86.Build.0 = Debug|Win32
		{66637610-6053-42E6-BBBC-5CA6096A5885}.Release|x64.ActiveCfg = Release|x64
		{66637610-6053-42E6-BBBC-5CA6096A5885}.Release|x64.Build.0 = Release|x64
		{66637610-6053-42E6-BBBC-5CA6096A5885}.Release|x86.ActiveCfg = Release|Win32
		{66637610-6053-42E6-BBBC-5CA6096A5885}.Release|x86.Build.0 = Release|Win32
	EndGlobalSection
	GlobalSection(SolutionProperties) = preSolution
		HideSolutionNode = FALSE
	EndGlobalSection
	GlobalSection(ExtensibilityGlobals) = postSolution
		SolutionGuid = {83E27473-1C58-4C19-9ACB-8540B16DB23D}
	EndGlobalSection
EndGlobal
