
Microsoft Visual Studio Solution File, Format Version 10.00
# Visual Studio 2008
Project("{8BC9CEB8-8B4A-11D0-8D11-00A0C91BC942}") = "class_test18", "class_test18.vcproj", "{32333596-839B-46B0-83CC-A01BFD697197}"
EndProject
Global
	GlobalSection(SolutionConfigurationPlatforms) = preSolution
		Debug|Win32 = Debug|Win32
		Release|Win32 = Release|Win32
	EndGlobalSection
	GlobalSection(ProjectConfigurationPlatforms) = postSolution
		{32333596-839B-46B0-83CC-A01BFD697197}.Debug|Win32.ActiveCfg = Debug|Win32
		{32333596-839B-46B0-83CC-A01BFD697197}.Debug|Win32.Build.0 = Debug|Win32
		{32333596-839B-46B0-83CC-A01BFD697197}.Release|Win32.ActiveCfg = Release|Win32
		{32333596-839B-46B0-83CC-A01BFD697197}.Release|Win32.Build.0 = Release|Win32
	EndGlobalSection
	GlobalSection(SolutionProperties) = preSolution
		HideSolutionNode = FALSE
	EndGlobalSection
EndGlobal
