
Microsoft Visual Studio Solution File, Format Version 10.00
# Visual Studio 2008
Project("{8BC9CEB8-8B4A-11D0-8D11-00A0C91BC942}") = "quote_test1", "quote_test1.vcproj", "{CD2B839A-0821-4BBF-A42B-FE68BBE54C48}"
EndProject
Global
	GlobalSection(SolutionConfigurationPlatforms) = preSolution
		Debug|Win32 = Debug|Win32
		Release|Win32 = Release|Win32
	EndGlobalSection
	GlobalSection(ProjectConfigurationPlatforms) = postSolution
		{CD2B839A-0821-4BBF-A42B-FE68BBE54C48}.Debug|Win32.ActiveCfg = Debug|Win32
		{CD2B839A-0821-4BBF-A42B-FE68BBE54C48}.Debug|Win32.Build.0 = Debug|Win32
		{CD2B839A-0821-4BBF-A42B-FE68BBE54C48}.Release|Win32.ActiveCfg = Release|Win32
		{CD2B839A-0821-4BBF-A42B-FE68BBE54C48}.Release|Win32.Build.0 = Release|Win32
	EndGlobalSection
	GlobalSection(SolutionProperties) = preSolution
		HideSolutionNode = FALSE
	EndGlobalSection
EndGlobal
