
Microsoft Visual Studio Solution File, Format Version 10.00
# Visual Studio 2008
Project("{8BC9CEB8-8B4A-11D0-8D11-00A0C91BC942}") = "class_test21", "class_test21.vcproj", "{1381EB47-A77D-4808-8FAC-51EFE4381DA9}"
EndProject
Global
	GlobalSection(SolutionConfigurationPlatforms) = preSolution
		Debug|Win32 = Debug|Win32
		Release|Win32 = Release|Win32
	EndGlobalSection
	GlobalSection(ProjectConfigurationPlatforms) = postSolution
		{1381EB47-A77D-4808-8FAC-51EFE4381DA9}.Debug|Win32.ActiveCfg = Debug|Win32
		{1381EB47-A77D-4808-8FAC-51EFE4381DA9}.Debug|Win32.Build.0 = Debug|Win32
		{1381EB47-A77D-4808-8FAC-51EFE4381DA9}.Release|Win32.ActiveCfg = Release|Win32
		{1381EB47-A77D-4808-8FAC-51EFE4381DA9}.Release|Win32.Build.0 = Release|Win32
	EndGlobalSection
	GlobalSection(SolutionProperties) = preSolution
		HideSolutionNode = FALSE
	EndGlobalSection
EndGlobal
