
Microsoft Visual Studio Solution File, Format Version 10.00
# Visual Studio 2008
Project("{8BC9CEB8-8B4A-11D0-8D11-00A0C91BC942}") = "heap_test2", "heap_test2.vcproj", "{F98C4630-1226-471B-9DC3-284CBF36E19B}"
EndProject
Global
	GlobalSection(SolutionConfigurationPlatforms) = preSolution
		Debug|Win32 = Debug|Win32
		Release|Win32 = Release|Win32
	EndGlobalSection
	GlobalSection(ProjectConfigurationPlatforms) = postSolution
		{F98C4630-1226-471B-9DC3-284CBF36E19B}.Debug|Win32.ActiveCfg = Debug|Win32
		{F98C4630-1226-471B-9DC3-284CBF36E19B}.Debug|Win32.Build.0 = Debug|Win32
		{F98C4630-1226-471B-9DC3-284CBF36E19B}.Release|Win32.ActiveCfg = Release|Win32
		{F98C4630-1226-471B-9DC3-284CBF36E19B}.Release|Win32.Build.0 = Release|Win32
	EndGlobalSection
	GlobalSection(SolutionProperties) = preSolution
		HideSolutionNode = FALSE
	EndGlobalSection
EndGlobal
