
Microsoft Visual Studio Solution File, Format Version 10.00
# Visual Studio 2008
Project("{8BC9CEB8-8B4A-11D0-8D11-00A0C91BC942}") = "class_test6_1", "class_test6_1.vcproj", "{F7F9042C-0690-4E06-9A88-46230AABA434}"
EndProject
Global
	GlobalSection(SolutionConfigurationPlatforms) = preSolution
		Debug|Win32 = Debug|Win32
		Release|Win32 = Release|Win32
	EndGlobalSection
	GlobalSection(ProjectConfigurationPlatforms) = postSolution
		{F7F9042C-0690-4E06-9A88-46230AABA434}.Debug|Win32.ActiveCfg = Debug|Win32
		{F7F9042C-0690-4E06-9A88-46230AABA434}.Debug|Win32.Build.0 = Debug|Win32
		{F7F9042C-0690-4E06-9A88-46230AABA434}.Release|Win32.ActiveCfg = Release|Win32
		{F7F9042C-0690-4E06-9A88-46230AABA434}.Release|Win32.Build.0 = Release|Win32
	EndGlobalSection
	GlobalSection(SolutionProperties) = preSolution
		HideSolutionNode = FALSE
	EndGlobalSection
EndGlobal
