
Microsoft Visual Studio Solution File, Format Version 10.00
# Visual Studio 2008
Project("{8BC9CEB8-8B4A-11D0-8D11-00A0C91BC942}") = "huaw_test3", "huaw_test3.vcproj", "{1B27222A-3202-4EB4-95A2-1E3805939002}"
EndProject
Global
	GlobalSection(SolutionConfigurationPlatforms) = preSolution
		Debug|Win32 = Debug|Win32
		Release|Win32 = Release|Win32
	EndGlobalSection
	GlobalSection(ProjectConfigurationPlatforms) = postSolution
		{1B27222A-3202-4EB4-95A2-1E3805939002}.Debug|Win32.ActiveCfg = Debug|Win32
		{1B27222A-3202-4EB4-95A2-1E3805939002}.Debug|Win32.Build.0 = Debug|Win32
		{1B27222A-3202-4EB4-95A2-1E3805939002}.Release|Win32.ActiveCfg = Release|Win32
		{1B27222A-3202-4EB4-95A2-1E3805939002}.Release|Win32.Build.0 = Release|Win32
	EndGlobalSection
	GlobalSection(SolutionProperties) = preSolution
		HideSolutionNode = FALSE
	EndGlobalSection
EndGlobal
