
Microsoft Visual Studio Solution File, Format Version 10.00
# Visual Studio 2008
Project("{8BC9CEB8-8B4A-11D0-8D11-00A0C91BC942}") = "class_test39", "class_test39.vcproj", "{837E7C67-73C8-4574-BDB5-504577825B76}"
EndProject
Global
	GlobalSection(SolutionConfigurationPlatforms) = preSolution
		Debug|Win32 = Debug|Win32
		Release|Win32 = Release|Win32
	EndGlobalSection
	GlobalSection(ProjectConfigurationPlatforms) = postSolution
		{837E7C67-73C8-4574-BDB5-504577825B76}.Debug|Win32.ActiveCfg = Debug|Win32
		{837E7C67-73C8-4574-BDB5-504577825B76}.Debug|Win32.Build.0 = Debug|Win32
		{837E7C67-73C8-4574-BDB5-504577825B76}.Release|Win32.ActiveCfg = Release|Win32
		{837E7C67-73C8-4574-BDB5-504577825B76}.Release|Win32.Build.0 = Release|Win32
	EndGlobalSection
	GlobalSection(SolutionProperties) = preSolution
		HideSolutionNode = FALSE
	EndGlobalSection
EndGlobal
