
Microsoft Visual Studio Solution File, Format Version 10.00
# Visual Studio 2008
Project("{8BC9CEB8-8B4A-11D0-8D11-00A0C91BC942}") = "assign_while_test2", "assign_while_test2\assign_while_test2.vcproj", "{4E112DA0-CAEB-48AA-B88E-282F693557F3}"
EndProject
Global
	GlobalSection(SolutionConfigurationPlatforms) = preSolution
		Debug|Win32 = Debug|Win32
		Release|Win32 = Release|Win32
	EndGlobalSection
	GlobalSection(ProjectConfigurationPlatforms) = postSolution
		{4E112DA0-CAEB-48AA-B88E-282F693557F3}.Debug|Win32.ActiveCfg = Debug|Win32
		{4E112DA0-CAEB-48AA-B88E-282F693557F3}.Debug|Win32.Build.0 = Debug|Win32
		{4E112DA0-CAEB-48AA-B88E-282F693557F3}.Release|Win32.ActiveCfg = Release|Win32
		{4E112DA0-CAEB-48AA-B88E-282F693557F3}.Release|Win32.Build.0 = Release|Win32
	EndGlobalSection
	GlobalSection(SolutionProperties) = preSolution
		HideSolutionNode = FALSE
	EndGlobalSection
EndGlobal
